
Microsoft Visual Studio Solution File, Format Version 12.00
# Visual Studio 2013
VisualStudioVersion = 12.0.21005.1
MinimumVisualStudioVersion = 10.0.40219.1
Project("{2150E333-8FDC-42A3-9474-1A3956D46DE8}") = "Engine", "Engine", "{2921FE83-84DB-4E75-B637-3962CF95F787}"
EndProject
Project("{2150E333-8FDC-42A3-9474-1A3956D46DE8}") = "Games", "Games", "{5D9F36F7-BE7D-4FC2-9D09-18A39F17E5E8}"
EndProject
Project("{8BC9CEB8-8B4A-11D0-8D11-00A0C91BC942}") = "UnionGame", "Intermediate\ProjectFiles\UnionGame.vcxproj", "{C22D80E3-5DEB-48E5-8330-11B9DF3D4E6A}"
EndProject
Project("{8BC9CEB8-8B4A-11D0-8D11-00A0C91BC942}") = "UE4", "Intermediate\ProjectFiles\UE4.vcxproj", "{2380B30E-9439-4C5C-931D-49E841CF4F0C}"
EndProject
Global
	GlobalSection(SolutionConfigurationPlatforms) = preSolution
		DebugGame Editor|Windows = DebugGame Editor|Windows
		DebugGame|Windows = DebugGame|Windows
		Development Editor|Windows = Development Editor|Windows
		Development|Windows = Development|Windows
		Shipping|Windows = Shipping|Windows
	EndGlobalSection
	GlobalSection(ProjectConfigurationPlatforms) = postSolution
		{C22D80E3-5DEB-48E5-8330-11B9DF3D4E6A}.DebugGame Editor|Windows.ActiveCfg = DebugGame_Editor|x64
		{C22D80E3-5DEB-48E5-8330-11B9DF3D4E6A}.DebugGame Editor|Windows.Build.0 = DebugGame_Editor|x64
		{C22D80E3-5DEB-48E5-8330-11B9DF3D4E6A}.DebugGame|Windows.ActiveCfg = DebugGame_Game|x64
		{C22D80E3-5DEB-48E5-8330-11B9DF3D4E6A}.DebugGame|Windows.Build.0 = DebugGame_Game|x64
		{C22D80E3-5DEB-48E5-8330-11B9DF3D4E6A}.Development Editor|Windows.ActiveCfg = Development_Editor|x64
		{C22D80E3-5DEB-48E5-8330-11B9DF3D4E6A}.Development Editor|Windows.Build.0 = Development_Editor|x64
		{C22D80E3-5DEB-48E5-8330-11B9DF3D4E6A}.Development|Windows.ActiveCfg = Development_Game|x64
		{C22D80E3-5DEB-48E5-8330-11B9DF3D4E6A}.Development|Windows.Build.0 = Development_Game|x64
		{C22D80E3-5DEB-48E5-8330-11B9DF3D4E6A}.Shipping|Windows.ActiveCfg = Shipping_Game|Win32
		{C22D80E3-5DEB-48E5-8330-11B9DF3D4E6A}.Shipping|Windows.Build.0 = Shipping_Game|Win32
		{2380B30E-9439-4C5C-931D-49E841CF4F0C}.DebugGame Editor|Windows.ActiveCfg = BuiltWithUnrealBuildTool|Win32
		{2380B30E-9439-4C5C-931D-49E841CF4F0C}.DebugGame|Windows.ActiveCfg = BuiltWithUnrealBuildTool|Win32
		{2380B30E-9439-4C5C-931D-49E841CF4F0C}.Development Editor|Windows.ActiveCfg = BuiltWithUnrealBuildTool|Win32
		{2380B30E-9439-4C5C-931D-49E841CF4F0C}.Development|Windows.ActiveCfg = BuiltWithUnrealBuildTool|Win32
		{2380B30E-9439-4C5C-931D-49E841CF4F0C}.Shipping|Windows.ActiveCfg = BuiltWithUnrealBuildTool|Win32
	EndGlobalSection
	GlobalSection(SolutionProperties) = preSolution
		HideSolutionNode = FALSE
	EndGlobalSection
	GlobalSection(NestedProjects) = preSolution
		{2380B30E-9439-4C5C-931D-49E841CF4F0C} = {2921FE83-84DB-4E75-B637-3962CF95F787}
		{C22D80E3-5DEB-48E5-8330-11B9DF3D4E6A} = {5D9F36F7-BE7D-4FC2-9D09-18A39F17E5E8}
	EndGlobalSection
EndGlobal
