
Microsoft Visual Studio Solution File, Format Version 12.00
# Visual Studio 2013
VisualStudioVersion = 12.0.21005.1
MinimumVisualStudioVersion = 10.0.40219.1
Project("{2150E333-8FDC-42A3-9474-1A3956D46DE8}") = "Engine", "Engine", "{801EDC69-6527-41F9-BC85-2A189731F053}"
EndProject
Project("{2150E333-8FDC-42A3-9474-1A3956D46DE8}") = "Games", "Games", "{70699A3A-73F4-4AE6-894E-DDB2FBAE6132}"
EndProject
Project("{8BC9CEB8-8B4A-11D0-8D11-00A0C91BC942}") = "UnionGame", "Intermediate\ProjectFiles\UnionGame.vcxproj", "{A8F2C567-C478-46A0-A9FB-0F4C48FC59C2}"
EndProject
Project("{8BC9CEB8-8B4A-11D0-8D11-00A0C91BC942}") = "UE4", "Intermediate\ProjectFiles\UE4.vcxproj", "{B6AE3520-4803-44A0-9F00-A9CD2B33D974}"
EndProject
Global
	GlobalSection(SolutionConfigurationPlatforms) = preSolution
		DebugGame Editor|Windows = DebugGame Editor|Windows
		DebugGame|Windows = DebugGame|Windows
		Development Editor|Windows = Development Editor|Windows
		Development|Windows = Development|Windows
		Shipping|Windows = Shipping|Windows
	EndGlobalSection
	GlobalSection(ProjectConfigurationPlatforms) = postSolution
		{A8F2C567-C478-46A0-A9FB-0F4C48FC59C2}.DebugGame Editor|Windows.ActiveCfg = DebugGame_Editor|x64
		{A8F2C567-C478-46A0-A9FB-0F4C48FC59C2}.DebugGame Editor|Windows.Build.0 = DebugGame_Editor|x64
		{A8F2C567-C478-46A0-A9FB-0F4C48FC59C2}.DebugGame|Windows.ActiveCfg = DebugGame_Game|x64
		{A8F2C567-C478-46A0-A9FB-0F4C48FC59C2}.DebugGame|Windows.Build.0 = DebugGame_Game|x64
		{A8F2C567-C478-46A0-A9FB-0F4C48FC59C2}.Development Editor|Windows.ActiveCfg = Development_Editor|x64
		{A8F2C567-C478-46A0-A9FB-0F4C48FC59C2}.Development Editor|Windows.Build.0 = Development_Editor|x64
		{A8F2C567-C478-46A0-A9FB-0F4C48FC59C2}.Development|Windows.ActiveCfg = Development_Game|x64
		{A8F2C567-C478-46A0-A9FB-0F4C48FC59C2}.Development|Windows.Build.0 = Development_Game|x64
		{A8F2C567-C478-46A0-A9FB-0F4C48FC59C2}.Shipping|Windows.ActiveCfg = Shipping_Game|Win32
		{A8F2C567-C478-46A0-A9FB-0F4C48FC59C2}.Shipping|Windows.Build.0 = Shipping_Game|Win32
		{B6AE3520-4803-44A0-9F00-A9CD2B33D974}.DebugGame Editor|Windows.ActiveCfg = BuiltWithUnrealBuildTool|Win32
		{B6AE3520-4803-44A0-9F00-A9CD2B33D974}.DebugGame|Windows.ActiveCfg = BuiltWithUnrealBuildTool|Win32
		{B6AE3520-4803-44A0-9F00-A9CD2B33D974}.Development Editor|Windows.ActiveCfg = BuiltWithUnrealBuildTool|Win32
		{B6AE3520-4803-44A0-9F00-A9CD2B33D974}.Development|Windows.ActiveCfg = BuiltWithUnrealBuildTool|Win32
		{B6AE3520-4803-44A0-9F00-A9CD2B33D974}.Shipping|Windows.ActiveCfg = BuiltWithUnrealBuildTool|Win32
	EndGlobalSection
	GlobalSection(SolutionProperties) = preSolution
		HideSolutionNode = FALSE
	EndGlobalSection
	GlobalSection(NestedProjects) = preSolution
		{B6AE3520-4803-44A0-9F00-A9CD2B33D974} = {801EDC69-6527-41F9-BC85-2A189731F053}
		{A8F2C567-C478-46A0-A9FB-0F4C48FC59C2} = {70699A3A-73F4-4AE6-894E-DDB2FBAE6132}
	EndGlobalSection
EndGlobal
